
Microsoft Visual Studio Solution File, Format Version 12.00
# Visual Studio Version 17
VisualStudioVersion = 17.4.33205.214
MinimumVisualStudioVersion = 10.0.40219.1
Project("{FAE04EC0-301F-11D3-BF4B-00C04F79EFBC}") = "Kuari.JwtApplication.Back", "Kuari.JwtApplication.Back\Kuari.JwtApplication.Back.csproj", "{C463C319-7BD2-4F5D-BCC6-63BC9A160B39}"
EndProject
Global
	GlobalSection(SolutionConfigurationPlatforms) = preSolution
		Debug|Any CPU = Debug|Any CPU
		Release|Any CPU = Release|Any CPU
	EndGlobalSection
	GlobalSection(ProjectConfigurationPlatforms) = postSolution
		{C463C319-7BD2-4F5D-BCC6-63BC9A160B39}.Debug|Any CPU.ActiveCfg = Debug|Any CPU
		{C463C319-7BD2-4F5D-BCC6-63BC9A160B39}.Debug|Any CPU.Build.0 = Debug|Any CPU
		{C463C319-7BD2-4F5D-BCC6-63BC9A160B39}.Release|Any CPU.ActiveCfg = Release|Any CPU
		{C463C319-7BD2-4F5D-BCC6-63BC9A160B39}.Release|Any CPU.Build.0 = Release|Any CPU
	EndGlobalSection
	GlobalSection(SolutionProperties) = preSolution
		HideSolutionNode = FALSE
	EndGlobalSection
	GlobalSection(ExtensibilityGlobals) = postSolution
		SolutionGuid = {499B0C4A-D2AA-4A4C-89E8-D7CB19E9AF23}
	EndGlobalSection
EndGlobal
